
Microsoft Visual Studio Solution File, Format Version 12.00
# Visual Studio Version 16
VisualStudioVersion = 16.0.29728.190
MinimumVisualStudioVersion = 10.0.40219.1
Project("{9A19103F-16F7-4668-BE54-9A1E7A4F7556}") = "StreamCore", "StreamCore\StreamCore.csproj", "{B3CCC343-8CC6-4E2F-9BE2-6EDF568135F3}"
EndProject
Project("{FAE04EC0-301F-11D3-BF4B-00C04F79EFBC}") = "StreamCoreTester", "StreamCoreTester\StreamCoreTester.csproj", "{67A03E3C-6198-4F8D-BEA0-779F96F4CFA6}"
EndProject
Global
	GlobalSection(SolutionConfigurationPlatforms) = preSolution
		Debug|Any CPU = Debug|Any CPU
		Release|Any CPU = Release|Any CPU
	EndGlobalSection
	GlobalSection(ProjectConfigurationPlatforms) = postSolution
		{B3CCC343-8CC6-4E2F-9BE2-6EDF568135F3}.Debug|Any CPU.ActiveCfg = Debug|Any CPU
		{B3CCC343-8CC6-4E2F-9BE2-6EDF568135F3}.Debug|Any CPU.Build.0 = Debug|Any CPU
		{B3CCC343-8CC6-4E2F-9BE2-6EDF568135F3}.Release|Any CPU.ActiveCfg = Release|Any CPU
		{B3CCC343-8CC6-4E2F-9BE2-6EDF568135F3}.Release|Any CPU.Build.0 = Release|Any CPU
		{67A03E3C-6198-4F8D-BEA0-779F96F4CFA6}.Debug|Any CPU.ActiveCfg = Debug|Any CPU
		{67A03E3C-6198-4F8D-BEA0-779F96F4CFA6}.Debug|Any CPU.Build.0 = Debug|Any CPU
		{67A03E3C-6198-4F8D-BEA0-779F96F4CFA6}.Release|Any CPU.ActiveCfg = Release|Any CPU
		{67A03E3C-6198-4F8D-BEA0-779F96F4CFA6}.Release|Any CPU.Build.0 = Release|Any CPU
	EndGlobalSection
	GlobalSection(SolutionProperties) = preSolution
		HideSolutionNode = FALSE
	EndGlobalSection
	GlobalSection(ExtensibilityGlobals) = postSolution
		SolutionGuid = {66F14FD0-8D8C-4532-B2D3-282471F05D73}
	EndGlobalSection
EndGlobal
